
Microsoft Visual Studio Solution File, Format Version 12.00
# Visual Studio Version 17
VisualStudioVersion = 17.0.31903.59
MinimumVisualStudioVersion = 10.0.40219.1
Project("{2150E333-8FDC-42A3-9474-1A3956D46DE8}") = "BepInExPlugins", "BepInExPlugins", "{7D8597F0-604A-73FE-498F-EB701F30ED31}"
EndProject
Project("{FAE04EC0-301F-11D3-BF4B-00C04F79EFBC}") = "FrostDashFreezeFix", "BepInExPlugins\FrostDashFreezeFix\FrostDashFreezeFix.csproj", "{8EC05AE1-50B2-46AB-B41E-5E8A0B9FB2AF}"
EndProject
Project("{FAE04EC0-301F-11D3-BF4B-00C04F79EFBC}") = "VoidVacation", "BepInExPlugins\VoidVacation\VoidVacation.csproj", "{03968016-1316-4CE8-A657-EF0CD2BDA02B}"
EndProject
Project("{FAE04EC0-301F-11D3-BF4B-00C04F79EFBC}") = "SurgeSuppressor", "BepInExPlugins\SurgeSuppressor\SurgeSuppressor.csproj", "{D637D107-B39A-4A7E-B51C-EC7F4C431E9A}"
EndProject
Project("{FAE04EC0-301F-11D3-BF4B-00C04F79EFBC}") = "ArtifactAttenuator", "BepInExPlugins\ArtifactAttenuator\ArtifactAttenuator.csproj", "{C1E043F6-52D0-444F-B6F3-1F571E0C051E}"
EndProject
Project("{FAE04EC0-301F-11D3-BF4B-00C04F79EFBC}") = "TempoTweaker", "BepInExPlugins\TempoTweaker\TempoTweaker.csproj", "{695F9BF7-49BA-41B3-ACBC-B5FEC0633F7E}"
EndProject
Project("{FAE04EC0-301F-11D3-BF4B-00C04F79EFBC}") = "CounterConstrainer", "BepInExPlugins\CounterConstrainer\CounterConstrainer.csproj", "{DEDC5E7D-A1C0-47BE-A99C-774A015E5321}"
EndProject
Project("{FAE04EC0-301F-11D3-BF4B-00C04F79EFBC}") = "LoadoutLockdown", "BepInExPlugins\LoadoutLockdown\LoadoutLockdown.csproj", "{56C425E0-EC81-4060-ACB3-1487142EA0D6}"
EndProject
Global
	GlobalSection(SolutionConfigurationPlatforms) = preSolution
		Debug|Any CPU = Debug|Any CPU
		Debug|x64 = Debug|x64
		Debug|x86 = Debug|x86
		Release|Any CPU = Release|Any CPU
		Release|x64 = Release|x64
		Release|x86 = Release|x86
	EndGlobalSection
	GlobalSection(ProjectConfigurationPlatforms) = postSolution
		{8EC05AE1-50B2-46AB-B41E-5E8A0B9FB2AF}.Debug|Any CPU.ActiveCfg = Debug|Any CPU
		{8EC05AE1-50B2-46AB-B41E-5E8A0B9FB2AF}.Debug|Any CPU.Build.0 = Debug|Any CPU
		{8EC05AE1-50B2-46AB-B41E-5E8A0B9FB2AF}.Debug|x64.ActiveCfg = Debug|Any CPU
		{8EC05AE1-50B2-46AB-B41E-5E8A0B9FB2AF}.Debug|x64.Build.0 = Debug|Any CPU
		{8EC05AE1-50B2-46AB-B41E-5E8A0B9FB2AF}.Debug|x86.ActiveCfg = Debug|Any CPU
		{8EC05AE1-50B2-46AB-B41E-5E8A0B9FB2AF}.Debug|x86.Build.0 = Debug|Any CPU
		{8EC05AE1-50B2-46AB-B41E-5E8A0B9FB2AF}.Release|Any CPU.ActiveCfg = Release|Any CPU
		{8EC05AE1-50B2-46AB-B41E-5E8A0B9FB2AF}.Release|Any CPU.Build.0 = Release|Any CPU
		{8EC05AE1-50B2-46AB-B41E-5E8A0B9FB2AF}.Release|x64.ActiveCfg = Release|Any CPU
		{8EC05AE1-50B2-46AB-B41E-5E8A0B9FB2AF}.Release|x64.Build.0 = Release|Any CPU
		{8EC05AE1-50B2-46AB-B41E-5E8A0B9FB2AF}.Release|x86.ActiveCfg = Release|Any CPU
		{8EC05AE1-50B2-46AB-B41E-5E8A0B9FB2AF}.Release|x86.Build.0 = Release|Any CPU
		{03968016-1316-4CE8-A657-EF0CD2BDA02B}.Debug|Any CPU.ActiveCfg = Debug|Any CPU
		{03968016-1316-4CE8-A657-EF0CD2BDA02B}.Debug|Any CPU.Build.0 = Debug|Any CPU
		{03968016-1316-4CE8-A657-EF0CD2BDA02B}.Debug|x64.ActiveCfg = Debug|Any CPU
		{03968016-1316-4CE8-A657-EF0CD2BDA02B}.Debug|x64.Build.0 = Debug|Any CPU
		{03968016-1316-4CE8-A657-EF0CD2BDA02B}.Debug|x86.ActiveCfg = Debug|Any CPU
		{03968016-1316-4CE8-A657-EF0CD2BDA02B}.Debug|x86.Build.0 = Debug|Any CPU
		{03968016-1316-4CE8-A657-EF0CD2BDA02B}.Release|Any CPU.ActiveCfg = Release|Any CPU
		{03968016-1316-4CE8-A657-EF0CD2BDA02B}.Release|Any CPU.Build.0 = Release|Any CPU
		{03968016-1316-4CE8-A657-EF0CD2BDA02B}.Release|x64.ActiveCfg = Release|Any CPU
		{03968016-1316-4CE8-A657-EF0CD2BDA02B}.Release|x64.Build.0 = Release|Any CPU
		{03968016-1316-4CE8-A657-EF0CD2BDA02B}.Release|x86.ActiveCfg = Release|Any CPU
		{03968016-1316-4CE8-A657-EF0CD2BDA02B}.Release|x86.Build.0 = Release|Any CPU
		{D637D107-B39A-4A7E-B51C-EC7F4C431E9A}.Debug|Any CPU.ActiveCfg = Debug|Any CPU
		{D637D107-B39A-4A7E-B51C-EC7F4C431E9A}.Debug|Any CPU.Build.0 = Debug|Any CPU
		{D637D107-B39A-4A7E-B51C-EC7F4C431E9A}.Debug|x64.ActiveCfg = Debug|Any CPU
		{D637D107-B39A-4A7E-B51C-EC7F4C431E9A}.Debug|x64.Build.0 = Debug|Any CPU
		{D637D107-B39A-4A7E-B51C-EC7F4C431E9A}.Debug|x86.ActiveCfg = Debug|Any CPU
		{D637D107-B39A-4A7E-B51C-EC7F4C431E9A}.Debug|x86.Build.0 = Debug|Any CPU
		{D637D107-B39A-4A7E-B51C-EC7F4C431E9A}.Release|Any CPU.ActiveCfg = Release|Any CPU
		{D637D107-B39A-4A7E-B51C-EC7F4C431E9A}.Release|Any CPU.Build.0 = Release|Any CPU
		{D637D107-B39A-4A7E-B51C-EC7F4C431E9A}.Release|x64.ActiveCfg = Release|Any CPU
		{D637D107-B39A-4A7E-B51C-EC7F4C431E9A}.Release|x64.Build.0 = Release|Any CPU
		{D637D107-B39A-4A7E-B51C-EC7F4C431E9A}.Release|x86.ActiveCfg = Release|Any CPU
		{D637D107-B39A-4A7E-B51C-EC7F4C431E9A}.Release|x86.Build.0 = Release|Any CPU
		{C1E043F6-52D0-444F-B6F3-1F571E0C051E}.Debug|Any CPU.ActiveCfg = Debug|Any CPU
		{C1E043F6-52D0-444F-B6F3-1F571E0C051E}.Debug|Any CPU.Build.0 = Debug|Any CPU
		{C1E043F6-52D0-444F-B6F3-1F571E0C051E}.Debug|x64.ActiveCfg = Debug|Any CPU
		{C1E043F6-52D0-444F-B6F3-1F571E0C051E}.Debug|x64.Build.0 = Debug|Any CPU
		{C1E043F6-52D0-444F-B6F3-1F571E0C051E}.Debug|x86.ActiveCfg = Debug|Any CPU
		{C1E043F6-52D0-444F-B6F3-1F571E0C051E}.Debug|x86.Build.0 = Debug|Any CPU
		{C1E043F6-52D0-444F-B6F3-1F571E0C051E}.Release|Any CPU.ActiveCfg = Release|Any CPU
		{C1E043F6-52D0-444F-B6F3-1F571E0C051E}.Release|Any CPU.Build.0 = Release|Any CPU
		{C1E043F6-52D0-444F-B6F3-1F571E0C051E}.Release|x64.ActiveCfg = Release|Any CPU
		{C1E043F6-52D0-444F-B6F3-1F571E0C051E}.Release|x64.Build.0 = Release|Any CPU
		{C1E043F6-52D0-444F-B6F3-1F571E0C051E}.Release|x86.ActiveCfg = Release|Any CPU
		{C1E043F6-52D0-444F-B6F3-1F571E0C051E}.Release|x86.Build.0 = Release|Any CPU
		{695F9BF7-49BA-41B3-ACBC-B5FEC0633F7E}.Debug|Any CPU.ActiveCfg = Debug|Any CPU
		{695F9BF7-49BA-41B3-ACBC-B5FEC0633F7E}.Debug|Any CPU.Build.0 = Debug|Any CPU
		{695F9BF7-49BA-41B3-ACBC-B5FEC0633F7E}.Debug|x64.ActiveCfg = Debug|Any CPU
		{695F9BF7-49BA-41B3-ACBC-B5FEC0633F7E}.Debug|x64.Build.0 = Debug|Any CPU
		{695F9BF7-49BA-41B3-ACBC-B5FEC0633F7E}.Debug|x86.ActiveCfg = Debug|Any CPU
		{695F9BF7-49BA-41B3-ACBC-B5FEC0633F7E}.Debug|x86.Build.0 = Debug|Any CPU
		{695F9BF7-49BA-41B3-ACBC-B5FEC0633F7E}.Release|Any CPU.ActiveCfg = Release|Any CPU
		{695F9BF7-49BA-41B3-ACBC-B5FEC0633F7E}.Release|Any CPU.Build.0 = Release|Any CPU
		{695F9BF7-49BA-41B3-ACBC-B5FEC0633F7E}.Release|x64.ActiveCfg = Release|Any CPU
		{695F9BF7-49BA-41B3-ACBC-B5FEC0633F7E}.Release|x64.Build.0 = Release|Any CPU
		{695F9BF7-49BA-41B3-ACBC-B5FEC0633F7E}.Release|x86.ActiveCfg = Release|Any CPU
		{695F9BF7-49BA-41B3-ACBC-B5FEC0633F7E}.Release|x86.Build.0 = Release|Any CPU
		{DEDC5E7D-A1C0-47BE-A99C-774A015E5321}.Debug|Any CPU.ActiveCfg = Debug|Any CPU
		{DEDC5E7D-A1C0-47BE-A99C-774A015E5321}.Debug|Any CPU.Build.0 = Debug|Any CPU
		{DEDC5E7D-A1C0-47BE-A99C-774A015E5321}.Debug|x64.ActiveCfg = Debug|Any CPU
		{DEDC5E7D-A1C0-47BE-A99C-774A015E5321}.Debug|x64.Build.0 = Debug|Any CPU
		{DEDC5E7D-A1C0-47BE-A99C-774A015E5321}.Debug|x86.ActiveCfg = Debug|Any CPU
		{DEDC5E7D-A1C0-47BE-A99C-774A015E5321}.Debug|x86.Build.0 = Debug|Any CPU
		{DEDC5E7D-A1C0-47BE-A99C-774A015E5321}.Release|Any CPU.ActiveCfg = Release|Any CPU
		{DEDC5E7D-A1C0-47BE-A99C-774A015E5321}.Release|Any CPU.Build.0 = Release|Any CPU
		{DEDC5E7D-A1C0-47BE-A99C-774A015E5321}.Release|x64.ActiveCfg = Release|Any CPU
		{DEDC5E7D-A1C0-47BE-A99C-774A015E5321}.Release|x64.Build.0 = Release|Any CPU
		{DEDC5E7D-A1C0-47BE-A99C-774A015E5321}.Release|x86.ActiveCfg = Release|Any CPU
		{DEDC5E7D-A1C0-47BE-A99C-774A015E5321}.Release|x86.Build.0 = Release|Any CPU
		{56C425E0-EC81-4060-ACB3-1487142EA0D6}.Debug|Any CPU.ActiveCfg = Debug|Any CPU
		{56C425E0-EC81-4060-ACB3-1487142EA0D6}.Debug|Any CPU.Build.0 = Debug|Any CPU
		{56C425E0-EC81-4060-ACB3-1487142EA0D6}.Debug|x64.ActiveCfg = Debug|Any CPU
		{56C425E0-EC81-4060-ACB3-1487142EA0D6}.Debug|x64.Build.0 = Debug|Any CPU
		{56C425E0-EC81-4060-ACB3-1487142EA0D6}.Debug|x86.ActiveCfg = Debug|Any CPU
		{56C425E0-EC81-4060-ACB3-1487142EA0D6}.Debug|x86.Build.0 = Debug|Any CPU
		{56C425E0-EC81-4060-ACB3-1487142EA0D6}.Release|Any CPU.ActiveCfg = Release|Any CPU
		{56C425E0-EC81-4060-ACB3-1487142EA0D6}.Release|Any CPU.Build.0 = Release|Any CPU
		{56C425E0-EC81-4060-ACB3-1487142EA0D6}.Release|x64.ActiveCfg = Release|Any CPU
		{56C425E0-EC81-4060-ACB3-1487142EA0D6}.Release|x64.Build.0 = Release|Any CPU
		{56C425E0-EC81-4060-ACB3-1487142EA0D6}.Release|x86.ActiveCfg = Release|Any CPU
		{56C425E0-EC81-4060-ACB3-1487142EA0D6}.Release|x86.Build.0 = Release|Any CPU
	EndGlobalSection
	GlobalSection(SolutionProperties) = preSolution
		HideSolutionNode = FALSE
	EndGlobalSection
	GlobalSection(NestedProjects) = preSolution
		{8EC05AE1-50B2-46AB-B41E-5E8A0B9FB2AF} = {7D8597F0-604A-73FE-498F-EB701F30ED31}
		{03968016-1316-4CE8-A657-EF0CD2BDA02B} = {7D8597F0-604A-73FE-498F-EB701F30ED31}
		{D637D107-B39A-4A7E-B51C-EC7F4C431E9A} = {7D8597F0-604A-73FE-498F-EB701F30ED31}
		{C1E043F6-52D0-444F-B6F3-1F571E0C051E} = {7D8597F0-604A-73FE-498F-EB701F30ED31}
		{695F9BF7-49BA-41B3-ACBC-B5FEC0633F7E} = {7D8597F0-604A-73FE-498F-EB701F30ED31}
		{DEDC5E7D-A1C0-47BE-A99C-774A015E5321} = {7D8597F0-604A-73FE-498F-EB701F30ED31}
		{56C425E0-EC81-4060-ACB3-1487142EA0D6} = {7D8597F0-604A-73FE-498F-EB701F30ED31}
	EndGlobalSection
EndGlobal
